
Microsoft Visual Studio Solution File, Format Version 12.00
# Visual Studio Version 16
VisualStudioVersion = 16.0.810.23
MinimumVisualStudioVersion = 10.0.40219.1
Project("{FAE04EC0-301F-11D3-BF4B-00C04F79EFBC}") = "MigrationToDataBase", "MigrationToDataBase.csproj", "{9D37B615-0882-4091-9F94-F1E736B2FCCE}"
EndProject
Global
	GlobalSection(SolutionConfigurationPlatforms) = preSolution
		Debug|Any CPU = Debug|Any CPU
		Release|Any CPU = Release|Any CPU
	EndGlobalSection
	GlobalSection(ProjectConfigurationPlatforms) = postSolution
		{9D37B615-0882-4091-9F94-F1E736B2FCCE}.Debug|Any CPU.ActiveCfg = Debug|Any CPU
		{9D37B615-0882-4091-9F94-F1E736B2FCCE}.Debug|Any CPU.Build.0 = Debug|Any CPU
		{9D37B615-0882-4091-9F94-F1E736B2FCCE}.Release|Any CPU.ActiveCfg = Release|Any CPU
		{9D37B615-0882-4091-9F94-F1E736B2FCCE}.Release|Any CPU.Build.0 = Release|Any CPU
	EndGlobalSection
	GlobalSection(SolutionProperties) = preSolution
		HideSolutionNode = FALSE
	EndGlobalSection
	GlobalSection(ExtensibilityGlobals) = postSolution
		SolutionGuid = {7B9843CB-9F3E-4FC5-84A0-076A3C999B8A}
	EndGlobalSection
EndGlobal
